# This file is automatically @generated by Cargo.
# It is not intended for manual editing.
version = 3

[[package]]
name = "aes"
version = "0.9.0-pre"
source = "git+https://github.com/baloo/block-ciphers.git?branch=baloo/bump-cipher/0.5.0-pre.4#bb94e5e71f5320fcaab727ad0c503cca5190da4c"
dependencies = [
 "cfg-if",
 "cipher",
 "cpufeatures",
]

[[package]]
name = "belt-block"
version = "0.2.0-pre"
source = "git+https://github.com/baloo/block-ciphers.git?branch=baloo/bump-cipher/0.5.0-pre.4#bb94e5e71f5320fcaab727ad0c503cca5190da4c"
dependencies = [
 "cipher",
]

[[package]]
name = "belt-mac"
version = "0.2.0-pre"
dependencies = [
 "belt-block",
 "cipher",
 "digest",
 "hex-literal 0.4.1",
]

[[package]]
name = "blobby"
version = "0.3.1"
source = "registry+https://github.com/rust-lang/crates.io-index"
checksum = "847495c209977a90e8aad588b959d0ca9f5dc228096d29a6bd3defd53f35eaec"

[[package]]
name = "block-buffer"
version = "0.11.0-pre.5"
source = "registry+https://github.com/rust-lang/crates.io-index"
checksum = "3ded684142010808eb980d9974ef794da2bcf97d13396143b1515e9f0fb4a10e"
dependencies = [
 "crypto-common",
]

[[package]]
name = "cbc-mac"
version = "0.2.0-pre"
dependencies = [
 "aes",
 "cipher",
 "des",
 "digest",
 "hex-literal 0.3.4",
]

[[package]]
name = "cfg-if"
version = "1.0.0"
source = "registry+https://github.com/rust-lang/crates.io-index"
checksum = "baf1de4339761588bc0619e3cbc0120ee582ebb74b53b4efbf79117bd2da40fd"

[[package]]
name = "cipher"
version = "0.5.0-pre.4"
source = "registry+https://github.com/rust-lang/crates.io-index"
checksum = "84fba98785cecd0e308818a87c817576a40f99d8bab6405bf422bacd3efb6c1f"
dependencies = [
 "blobby",
 "crypto-common",
 "inout",
 "zeroize",
]

[[package]]
name = "cmac"
version = "0.8.0-pre"
dependencies = [
 "aes",
 "cipher",
 "dbl",
 "des",
 "digest",
 "hex-literal 0.3.4",
 "kuznyechik",
 "magma",
]

[[package]]
name = "cpufeatures"
version = "0.2.9"
source = "registry+https://github.com/rust-lang/crates.io-index"
checksum = "a17b76ff3a4162b0b27f354a0c87015ddad39d35f9c0c36607a3bdd175dde1f1"
dependencies = [
 "libc",
]

[[package]]
name = "crypto-common"
version = "0.2.0-pre.5"
source = "registry+https://github.com/rust-lang/crates.io-index"
checksum = "b7aa2ec04f5120b830272a481e8d9d8ba4dda140d2cda59b0f1110d5eb93c38e"
dependencies = [
 "getrandom",
 "hybrid-array",
 "rand_core",
]

[[package]]
name = "dbl"
version = "0.4.0-pre.4"
source = "registry+https://github.com/rust-lang/crates.io-index"
checksum = "977125a36bcb9fcf23cec295ffd25a7499046d5ae95603cd536d4ec1e39bd673"
dependencies = [
 "hybrid-array",
]

[[package]]
name = "des"
version = "0.9.0-pre"
source = "git+https://github.com/baloo/block-ciphers.git?branch=baloo/bump-cipher/0.5.0-pre.4#bb94e5e71f5320fcaab727ad0c503cca5190da4c"
dependencies = [
 "cipher",
]

[[package]]
name = "digest"
version = "0.11.0-pre.8"
source = "registry+https://github.com/rust-lang/crates.io-index"
checksum = "065d93ead7c220b85d5b4be4795d8398eac4ff68b5ee63895de0a3c1fb6edf25"
dependencies = [
 "blobby",
 "block-buffer",
 "crypto-common",
 "subtle",
]

[[package]]
name = "getrandom"
version = "0.2.12"
source = "registry+https://github.com/rust-lang/crates.io-index"
checksum = "190092ea657667030ac6a35e305e62fc4dd69fd98ac98631e5d3a2b1575a12b5"
dependencies = [
 "cfg-if",
 "libc",
 "wasi",
]

[[package]]
name = "hex-literal"
version = "0.3.4"
source = "registry+https://github.com/rust-lang/crates.io-index"
checksum = "7ebdb29d2ea9ed0083cd8cece49bbd968021bd99b0849edb4a9a7ee0fdf6a4e0"

[[package]]
name = "hex-literal"
version = "0.4.1"
source = "registry+https://github.com/rust-lang/crates.io-index"
checksum = "6fe2267d4ed49bc07b63801559be28c718ea06c4738b7a03c94df7386d2cde46"

[[package]]
name = "hmac"
version = "0.13.0-pre.3"
dependencies = [
 "digest",
 "hex-literal 0.4.1",
 "md-5",
 "sha1",
 "sha2",
 "streebog",
]

[[package]]
name = "hybrid-array"
version = "0.2.0-rc.7"
source = "registry+https://github.com/rust-lang/crates.io-index"
checksum = "87c2311a0adecbffff284aabcf1249b1485193b16e685f9ef171b1ba82979cff"
dependencies = [
 "typenum",
]

[[package]]
name = "inout"
version = "0.2.0-pre.4"
source = "registry+https://github.com/rust-lang/crates.io-index"
checksum = "0a2cc35b920cc3b344af824e64e508ffc2c819fc2368ed4d253244446194d2fe"
dependencies = [
 "hybrid-array",
]

[[package]]
name = "kuznyechik"
version = "0.9.0-pre"
source = "git+https://github.com/baloo/block-ciphers.git?branch=baloo/bump-cipher/0.5.0-pre.4#bb94e5e71f5320fcaab727ad0c503cca5190da4c"
dependencies = [
 "cipher",
]

[[package]]
name = "libc"
version = "0.2.153"
source = "registry+https://github.com/rust-lang/crates.io-index"
checksum = "9c198f91728a82281a64e1f4f9eeb25d82cb32a5de251c6bd1b5154d63a8e7bd"

[[package]]
name = "magma"
version = "0.10.0-pre"
source = "git+https://github.com/baloo/block-ciphers.git?branch=baloo/bump-cipher/0.5.0-pre.4#bb94e5e71f5320fcaab727ad0c503cca5190da4c"
dependencies = [
 "cipher",
]

[[package]]
name = "md-5"
version = "0.11.0-pre.3"
source = "registry+https://github.com/rust-lang/crates.io-index"
checksum = "649f2dc52b97a3d781ba9a36dad970f147d55920d17a27735f551b560024f3bf"
dependencies = [
 "cfg-if",
 "digest",
]

[[package]]
name = "pmac"
version = "0.8.0-pre"
dependencies = [
 "aes",
 "cipher",
 "dbl",
 "digest",
]

[[package]]
name = "rand_core"
version = "0.6.4"
source = "registry+https://github.com/rust-lang/crates.io-index"
checksum = "ec0be4795e2f6a28069bec0b5ff3e2ac9bafc99e6a9a7dc3547996c5c816922c"
dependencies = [
 "getrandom",
]

[[package]]
name = "sha1"
version = "0.11.0-pre.3"
source = "registry+https://github.com/rust-lang/crates.io-index"
checksum = "3885de8cb916f223718c1ccd47a840b91f806333e76002dc5cb3862154b4fed3"
dependencies = [
 "cfg-if",
 "cpufeatures",
 "digest",
]

[[package]]
name = "sha2"
version = "0.11.0-pre.3"
source = "registry+https://github.com/rust-lang/crates.io-index"
checksum = "8f33549bf3064b62478926aa89cbfc7c109aab66ae8f0d5d2ef839e482cc30d6"
dependencies = [
 "cfg-if",
 "cpufeatures",
 "digest",
]

[[package]]
name = "streebog"
version = "0.11.0-pre.3"
source = "registry+https://github.com/rust-lang/crates.io-index"
checksum = "906aaaef0b6bfcf186c7aac662b06a11769e688744323aa6ff3b9f96a5c71c09"
dependencies = [
 "digest",
]

[[package]]
name = "subtle"
version = "2.5.0"
source = "registry+https://github.com/rust-lang/crates.io-index"
checksum = "81cdd64d312baedb58e21336b31bc043b77e01cc99033ce76ef539f78e965ebc"

[[package]]
name = "typenum"
version = "1.17.0"
source = "registry+https://github.com/rust-lang/crates.io-index"
checksum = "42ff0bf0c66b8238c6f3b578df37d0b7848e55df8577b3f74f92a69acceeb825"

[[package]]
name = "wasi"
version = "0.11.0+wasi-snapshot-preview1"
source = "registry+https://github.com/rust-lang/crates.io-index"
checksum = "9c8d87e72b64a3b4db28d11ce29237c246188f4f51057d65a7eab63b7987e423"

[[package]]
name = "zeroize"
version = "1.7.0"
source = "registry+https://github.com/rust-lang/crates.io-index"
checksum = "525b4ec142c6b68a2d10f01f7bbf6755599ca3f81ea53b8431b7dd348f5fdb2d"
