# This file is automatically @generated by Cargo.
# It is not intended for manual editing.
version = 3

[[package]]
name = "aes"
version = "0.9.0-pre.2"
source = "registry+https://github.com/rust-lang/crates.io-index"
checksum = "e7856582c758ade85d71daf27ec6bcea6c1c73913692b07b8dffea2dc03531c9"
dependencies = [
 "cfg-if",
 "cipher",
 "cpufeatures",
]

[[package]]
name = "belt-block"
version = "0.2.0-pre.2"
source = "registry+https://github.com/rust-lang/crates.io-index"
checksum = "6df0a14d60362d7b6041d3fe85dfd787ced16c4928f93d72152142c67d01d0bc"
dependencies = [
 "cipher",
]

[[package]]
name = "belt-mac"
version = "0.2.0-pre"
dependencies = [
 "belt-block",
 "cipher",
 "digest",
 "hex-literal",
]

[[package]]
name = "blobby"
version = "0.3.1"
source = "registry+https://github.com/rust-lang/crates.io-index"
checksum = "847495c209977a90e8aad588b959d0ca9f5dc228096d29a6bd3defd53f35eaec"

[[package]]
name = "block-buffer"
version = "0.11.0-rc.3"
source = "registry+https://github.com/rust-lang/crates.io-index"
checksum = "3fd016a0ddc7cb13661bf5576073ce07330a693f8608a1320b4e20561cc12cdc"
dependencies = [
 "hybrid-array",
]

[[package]]
name = "cbc-mac"
version = "0.2.0-pre.2"
dependencies = [
 "aes",
 "cipher",
 "des",
 "digest",
 "hex-literal",
]

[[package]]
name = "cfg-if"
version = "1.0.0"
source = "registry+https://github.com/rust-lang/crates.io-index"
checksum = "baf1de4339761588bc0619e3cbc0120ee582ebb74b53b4efbf79117bd2da40fd"

[[package]]
name = "cipher"
version = "0.5.0-pre.7"
source = "registry+https://github.com/rust-lang/crates.io-index"
checksum = "5b1425e6ce000f05a73096556cabcfb6a10a3ffe3bb4d75416ca8f00819c0b6a"
dependencies = [
 "crypto-common",
 "inout",
 "zeroize",
]

[[package]]
name = "cmac"
version = "0.8.0-pre.2"
dependencies = [
 "aes",
 "cipher",
 "dbl",
 "des",
 "digest",
 "hex-literal",
 "kuznyechik",
 "magma",
]

[[package]]
name = "cpufeatures"
version = "0.2.17"
source = "registry+https://github.com/rust-lang/crates.io-index"
checksum = "59ed5838eebb26a2bb2e58f6d5b5316989ae9d08bab10e0e6d103e656d1b0280"
dependencies = [
 "libc",
]

[[package]]
name = "crypto-common"
version = "0.2.0-rc.1"
source = "registry+https://github.com/rust-lang/crates.io-index"
checksum = "b0b8ce8218c97789f16356e7896b3714f26c2ee1079b79c0b7ae7064bb9089fa"
dependencies = [
 "getrandom",
 "hybrid-array",
 "rand_core",
]

[[package]]
name = "dbl"
version = "0.4.0-rc.1"
source = "registry+https://github.com/rust-lang/crates.io-index"
checksum = "b317b5dd7fb52c79e017554049304992f65260689c5ddb55438ad52ba007f98d"
dependencies = [
 "hybrid-array",
]

[[package]]
name = "des"
version = "0.9.0-pre.2"
source = "registry+https://github.com/rust-lang/crates.io-index"
checksum = "76239c731adb4b5204cfeec47bd06ec1071d9477a0d32bbb83dc7d8c599efe63"
dependencies = [
 "cipher",
]

[[package]]
name = "digest"
version = "0.11.0-pre.9"
source = "registry+https://github.com/rust-lang/crates.io-index"
checksum = "cf2e3d6615d99707295a9673e889bf363a04b2a466bd320c65a72536f7577379"
dependencies = [
 "blobby",
 "block-buffer",
 "crypto-common",
 "subtle",
]

[[package]]
name = "getrandom"
version = "0.2.15"
source = "registry+https://github.com/rust-lang/crates.io-index"
checksum = "c4567c8db10ae91089c99af84c68c38da3ec2f087c3f82960bcdbf3656b6f4d7"
dependencies = [
 "cfg-if",
 "libc",
 "wasi",
]

[[package]]
name = "hex-literal"
version = "0.4.1"
source = "registry+https://github.com/rust-lang/crates.io-index"
checksum = "6fe2267d4ed49bc07b63801559be28c718ea06c4738b7a03c94df7386d2cde46"

[[package]]
name = "hmac"
version = "0.13.0-pre.4"
dependencies = [
 "digest",
 "hex-literal",
 "md-5",
 "sha1",
 "sha2",
 "streebog",
]

[[package]]
name = "hybrid-array"
version = "0.2.3"
source = "registry+https://github.com/rust-lang/crates.io-index"
checksum = "f2d35805454dc9f8662a98d6d61886ffe26bd465f5960e0e55345c70d5c0d2a9"
dependencies = [
 "typenum",
]

[[package]]
name = "inout"
version = "0.2.0-rc.3"
source = "registry+https://github.com/rust-lang/crates.io-index"
checksum = "de49db00f5add6dad75a57946b75de0f26287a6fc95f4f277d48419200422beb"
dependencies = [
 "hybrid-array",
]

[[package]]
name = "kuznyechik"
version = "0.9.0-pre.2"
source = "registry+https://github.com/rust-lang/crates.io-index"
checksum = "bd136ca56393426d0aeca01643adef06b1f30d667fdebf31f7cf11724cbd9051"
dependencies = [
 "cfg-if",
 "cipher",
]

[[package]]
name = "libc"
version = "0.2.169"
source = "registry+https://github.com/rust-lang/crates.io-index"
checksum = "b5aba8db14291edd000dfcc4d620c7ebfb122c613afb886ca8803fa4e128a20a"

[[package]]
name = "magma"
version = "0.10.0-pre.2"
source = "registry+https://github.com/rust-lang/crates.io-index"
checksum = "b9fd466f879a2c01f141f168c4e045a26dca5a60aef79efa8bb96e9c701bb8ea"
dependencies = [
 "cipher",
]

[[package]]
name = "md-5"
version = "0.11.0-pre.4"
source = "registry+https://github.com/rust-lang/crates.io-index"
checksum = "117b97b6b9ae1ec9a396b357698efa3ecff4fc1f40e0ec59ae7c1270b460ac1d"
dependencies = [
 "cfg-if",
 "digest",
]

[[package]]
name = "pmac"
version = "0.8.0-pre.2"
dependencies = [
 "aes",
 "cipher",
 "dbl",
 "digest",
]

[[package]]
name = "rand_core"
version = "0.6.4"
source = "registry+https://github.com/rust-lang/crates.io-index"
checksum = "ec0be4795e2f6a28069bec0b5ff3e2ac9bafc99e6a9a7dc3547996c5c816922c"
dependencies = [
 "getrandom",
]

[[package]]
name = "retail-mac"
version = "0.1.0-pre.0"
dependencies = [
 "aes",
 "cipher",
 "des",
 "digest",
 "hex-literal",
]

[[package]]
name = "sha1"
version = "0.11.0-pre.4"
source = "registry+https://github.com/rust-lang/crates.io-index"
checksum = "9540978cef7a8498211c1b1c14e5ce920fe5bd524ea84f4a3d72d4602515ae93"
dependencies = [
 "cfg-if",
 "cpufeatures",
 "digest",
]

[[package]]
name = "sha2"
version = "0.11.0-pre.4"
source = "registry+https://github.com/rust-lang/crates.io-index"
checksum = "540c0893cce56cdbcfebcec191ec8e0f470dd1889b6e7a0b503e310a94a168f5"
dependencies = [
 "cfg-if",
 "cpufeatures",
 "digest",
]

[[package]]
name = "streebog"
version = "0.11.0-pre.4"
source = "registry+https://github.com/rust-lang/crates.io-index"
checksum = "fcb353b35a577917dbcc59b8bef4084ba206b36851577816d5ffe3dac9b0ad54"
dependencies = [
 "digest",
]

[[package]]
name = "subtle"
version = "2.6.1"
source = "registry+https://github.com/rust-lang/crates.io-index"
checksum = "13c2bddecc57b384dee18652358fb23172facb8a2c51ccc10d74c157bdea3292"

[[package]]
name = "typenum"
version = "1.17.0"
source = "registry+https://github.com/rust-lang/crates.io-index"
checksum = "42ff0bf0c66b8238c6f3b578df37d0b7848e55df8577b3f74f92a69acceeb825"

[[package]]
name = "wasi"
version = "0.11.0+wasi-snapshot-preview1"
source = "registry+https://github.com/rust-lang/crates.io-index"
checksum = "9c8d87e72b64a3b4db28d11ce29237c246188f4f51057d65a7eab63b7987e423"

[[package]]
name = "zeroize"
version = "1.8.1"
source = "registry+https://github.com/rust-lang/crates.io-index"
checksum = "ced3678a2879b30306d323f4542626697a464a97c0a07c9aebf7ebca65cd4dde"
