# This file is automatically @generated by Cargo.
# It is not intended for manual editing.
version = 4

[[package]]
name = "aes"
version = "0.9.0-rc.1"
source = "registry+https://github.com/rust-lang/crates.io-index"
checksum = "7e713c57c2a2b19159e7be83b9194600d7e8eb3b7c2cd67e671adf47ce189a05"
dependencies = [
 "cfg-if",
 "cipher",
 "cpufeatures",
]

[[package]]
name = "belt-block"
version = "0.2.0-rc.1"
source = "registry+https://github.com/rust-lang/crates.io-index"
checksum = "c4bbddee901eea0f5448cfcc94ea6390d0ee0f3ca8d0308fe34e37553f856640"
dependencies = [
 "cipher",
]

[[package]]
name = "belt-mac"
version = "0.2.0-pre"
dependencies = [
 "belt-block",
 "cipher",
 "digest",
 "hex-literal",
]

[[package]]
name = "blobby"
version = "0.4.0-pre.1"
source = "registry+https://github.com/rust-lang/crates.io-index"
checksum = "e4db6eec520c1f3d3b060c5b67527c3d1d4122d9f0ff47edf0149a7ffa34cebb"

[[package]]
name = "block-buffer"
version = "0.11.0-rc.5"
source = "registry+https://github.com/rust-lang/crates.io-index"
checksum = "e9ef36a6fcdb072aa548f3da057640ec10859eb4e91ddf526ee648d50c76a949"
dependencies = [
 "hybrid-array",
 "zeroize",
]

[[package]]
name = "cbc-mac"
version = "0.2.0-rc.1"
dependencies = [
 "aes",
 "cipher",
 "des",
 "digest",
 "hex-literal",
]

[[package]]
name = "cfg-if"
version = "1.0.3"
source = "registry+https://github.com/rust-lang/crates.io-index"
checksum = "2fd1289c04a9ea8cb22300a459a72a385d7c73d3259e2ed7dcb2af674838cfa9"

[[package]]
name = "cipher"
version = "0.5.0-rc.1"
source = "registry+https://github.com/rust-lang/crates.io-index"
checksum = "1e12a13eb01ded5d32ee9658d94f553a19e804204f2dc811df69ab4d9e0cb8c7"
dependencies = [
 "block-buffer",
 "crypto-common",
 "inout",
 "zeroize",
]

[[package]]
name = "cmac"
version = "0.8.0-rc.1"
dependencies = [
 "aes",
 "cipher",
 "dbl",
 "des",
 "digest",
 "hex-literal",
 "kuznyechik",
 "magma",
]

[[package]]
name = "cpufeatures"
version = "0.2.17"
source = "registry+https://github.com/rust-lang/crates.io-index"
checksum = "59ed5838eebb26a2bb2e58f6d5b5316989ae9d08bab10e0e6d103e656d1b0280"
dependencies = [
 "libc",
]

[[package]]
name = "crypto-common"
version = "0.2.0-rc.4"
source = "registry+https://github.com/rust-lang/crates.io-index"
checksum = "6a8235645834fbc6832939736ce2f2d08192652269e11010a6240f61b908a1c6"
dependencies = [
 "hybrid-array",
]

[[package]]
name = "dbl"
version = "0.5.0"
source = "registry+https://github.com/rust-lang/crates.io-index"
checksum = "f0d7a944e61df464668c5f51f56cc667396a8821434273112948ea0b66e405d7"
dependencies = [
 "hybrid-array",
]

[[package]]
name = "des"
version = "0.9.0-rc.1"
source = "registry+https://github.com/rust-lang/crates.io-index"
checksum = "3f51594a70805988feb1c85495ddec0c2052e4fbe59d9c0bb7f94bfc164f4f90"
dependencies = [
 "cipher",
]

[[package]]
name = "digest"
version = "0.11.0-rc.2"
source = "registry+https://github.com/rust-lang/crates.io-index"
checksum = "6749b668519cd7149ee3d11286a442a8a8bdc3a9d529605f579777bfccc5a4bc"
dependencies = [
 "blobby",
 "block-buffer",
 "crypto-common",
 "subtle",
 "zeroize",
]

[[package]]
name = "hex-literal"
version = "1.0.0"
source = "registry+https://github.com/rust-lang/crates.io-index"
checksum = "bcaaec4551594c969335c98c903c1397853d4198408ea609190f420500f6be71"

[[package]]
name = "hmac"
version = "0.13.0-rc.2"
dependencies = [
 "digest",
 "hex-literal",
 "md-5",
 "sha1",
 "sha2",
 "streebog",
]

[[package]]
name = "hybrid-array"
version = "0.4.4"
source = "registry+https://github.com/rust-lang/crates.io-index"
checksum = "2bad028b20a90afcdb5e28a53392562f1db2bdfa238aa1a978b911461bfffb92"
dependencies = [
 "typenum",
 "zeroize",
]

[[package]]
name = "inout"
version = "0.2.0-rc.6"
source = "registry+https://github.com/rust-lang/crates.io-index"
checksum = "1603f76010ff924b616c8f44815a42eb10fb0b93d308b41deaa8da6d4251fd4b"
dependencies = [
 "hybrid-array",
]

[[package]]
name = "kuznyechik"
version = "0.9.0-rc.1"
source = "registry+https://github.com/rust-lang/crates.io-index"
checksum = "e39eb5f1f53d41c9341e559c72a732db17619643679116d56ca0af8b34cb8b26"
dependencies = [
 "cfg-if",
 "cipher",
]

[[package]]
name = "libc"
version = "0.2.176"
source = "registry+https://github.com/rust-lang/crates.io-index"
checksum = "58f929b4d672ea937a23a1ab494143d968337a5f47e56d0815df1e0890ddf174"

[[package]]
name = "magma"
version = "0.10.0-rc.1"
source = "registry+https://github.com/rust-lang/crates.io-index"
checksum = "47c60b0343c651857c53e0072315831622d550efeb663a589bbd3fdd83073da0"
dependencies = [
 "cipher",
]

[[package]]
name = "md-5"
version = "0.11.0-rc.2"
source = "registry+https://github.com/rust-lang/crates.io-index"
checksum = "f9ec86664728010f574d67ef01aec964e6f1299241a3402857c1a8a390a62478"
dependencies = [
 "cfg-if",
 "digest",
]

[[package]]
name = "pmac"
version = "0.8.0-rc.1"
dependencies = [
 "aes",
 "cipher",
 "dbl",
 "digest",
]

[[package]]
name = "retail-mac"
version = "0.1.0-pre.0"
dependencies = [
 "aes",
 "cipher",
 "des",
 "digest",
 "hex-literal",
]

[[package]]
name = "sha1"
version = "0.11.0-rc.2"
source = "registry+https://github.com/rust-lang/crates.io-index"
checksum = "c5e046edf639aa2e7afb285589e5405de2ef7e61d4b0ac1e30256e3eab911af9"
dependencies = [
 "cfg-if",
 "cpufeatures",
 "digest",
]

[[package]]
name = "sha2"
version = "0.11.0-rc.2"
source = "registry+https://github.com/rust-lang/crates.io-index"
checksum = "d1e3878ab0f98e35b2df35fe53201d088299b41a6bb63e3e34dada2ac4abd924"
dependencies = [
 "cfg-if",
 "cpufeatures",
 "digest",
]

[[package]]
name = "streebog"
version = "0.11.0-rc.2"
source = "registry+https://github.com/rust-lang/crates.io-index"
checksum = "7032930cdbb2ca75cafb6b91674728bd923d9a47941ac95183337c53445399ff"
dependencies = [
 "digest",
]

[[package]]
name = "subtle"
version = "2.6.1"
source = "registry+https://github.com/rust-lang/crates.io-index"
checksum = "13c2bddecc57b384dee18652358fb23172facb8a2c51ccc10d74c157bdea3292"

[[package]]
name = "typenum"
version = "1.18.0"
source = "registry+https://github.com/rust-lang/crates.io-index"
checksum = "1dccffe3ce07af9386bfd29e80c0ab1a8205a2fc34e4bcd40364df902cfa8f3f"

[[package]]
name = "zeroize"
version = "1.8.1"
source = "registry+https://github.com/rust-lang/crates.io-index"
checksum = "ced3678a2879b30306d323f4542626697a464a97c0a07c9aebf7ebca65cd4dde"
