# This file is automatically @generated by Cargo.
# It is not intended for manual editing.
version = 3

[[package]]
name = "blobby"
version = "0.3.1"
source = "registry+https://github.com/rust-lang/crates.io-index"
checksum = "847495c209977a90e8aad588b959d0ca9f5dc228096d29a6bd3defd53f35eaec"

[[package]]
name = "block-buffer"
version = "0.11.0-pre.4"
source = "registry+https://github.com/rust-lang/crates.io-index"
checksum = "0edadbde8e0243b49d434f9a23ec0590af201f400a34d7d51049284e4a77c568"
dependencies = [
 "crypto-common",
]

[[package]]
name = "cfg-if"
version = "1.0.0"
source = "registry+https://github.com/rust-lang/crates.io-index"
checksum = "baf1de4339761588bc0619e3cbc0120ee582ebb74b53b4efbf79117bd2da40fd"

[[package]]
name = "cpufeatures"
version = "0.2.9"
source = "registry+https://github.com/rust-lang/crates.io-index"
checksum = "a17b76ff3a4162b0b27f354a0c87015ddad39d35f9c0c36607a3bdd175dde1f1"
dependencies = [
 "libc",
]

[[package]]
name = "crypto-common"
version = "0.2.0-pre.4"
source = "registry+https://github.com/rust-lang/crates.io-index"
checksum = "806e4e3731d44f1340b069551225b44c2056c105cad9e67f0c46266db8a3a6b9"
dependencies = [
 "getrandom",
 "hybrid-array",
 "rand_core",
]

[[package]]
name = "digest"
version = "0.11.0-pre.4"
source = "registry+https://github.com/rust-lang/crates.io-index"
checksum = "b429fb535b92bad18c86f1d7ee7584a175c2810800c7ac5b75b9408b13981979"
dependencies = [
 "blobby",
 "block-buffer",
 "crypto-common",
 "subtle",
]

[[package]]
name = "getrandom"
version = "0.2.11"
source = "registry+https://github.com/rust-lang/crates.io-index"
checksum = "fe9006bed769170c11f845cf00c7c1e9092aeb3f268e007c3e760ac68008070f"
dependencies = [
 "cfg-if",
 "libc",
 "wasi",
]

[[package]]
name = "hex-literal"
version = "0.4.1"
source = "registry+https://github.com/rust-lang/crates.io-index"
checksum = "6fe2267d4ed49bc07b63801559be28c718ea06c4738b7a03c94df7386d2cde46"

[[package]]
name = "hmac"
version = "0.13.0-pre.1"
dependencies = [
 "digest",
 "hex-literal",
 "md-5",
 "sha1",
 "sha2",
 "streebog",
]

[[package]]
name = "hybrid-array"
version = "0.2.0-rc.0"
source = "registry+https://github.com/rust-lang/crates.io-index"
checksum = "b8c5517ac29f08e88170b9647d85cc5f21c2596de177b4867232e20b214b8da1"
dependencies = [
 "typenum",
]

[[package]]
name = "libc"
version = "0.2.152"
source = "registry+https://github.com/rust-lang/crates.io-index"
checksum = "13e3bf6590cbc649f4d1a3eefc9d5d6eb746f5200ffb04e5e142700b8faa56e7"

[[package]]
name = "md-5"
version = "0.11.0-pre.1"
source = "registry+https://github.com/rust-lang/crates.io-index"
checksum = "d16de5e3b92a3ecc566508a82dde68e28e5a1a91b1db13e1d243f2dc560ac90a"
dependencies = [
 "cfg-if",
 "digest",
]

[[package]]
name = "rand_core"
version = "0.6.4"
source = "registry+https://github.com/rust-lang/crates.io-index"
checksum = "ec0be4795e2f6a28069bec0b5ff3e2ac9bafc99e6a9a7dc3547996c5c816922c"
dependencies = [
 "getrandom",
]

[[package]]
name = "sha1"
version = "0.11.0-pre.1"
source = "registry+https://github.com/rust-lang/crates.io-index"
checksum = "731912b869ff1fb4c6432ad4737a5951d5388fbdda0417163a29638206935fe6"
dependencies = [
 "cfg-if",
 "cpufeatures",
 "digest",
]

[[package]]
name = "sha2"
version = "0.11.0-pre.1"
source = "registry+https://github.com/rust-lang/crates.io-index"
checksum = "9daa731ca112bb569b34b41775363a461422813d8ed1ea6dba352eb58ec4e684"
dependencies = [
 "cfg-if",
 "cpufeatures",
 "digest",
]

[[package]]
name = "streebog"
version = "0.11.0-pre.1"
source = "registry+https://github.com/rust-lang/crates.io-index"
checksum = "9195128e99b61b19a1d847de3e60b8dc895e4a133ac1e3f94087f1f94ce434ba"
dependencies = [
 "digest",
]

[[package]]
name = "subtle"
version = "2.5.0"
source = "registry+https://github.com/rust-lang/crates.io-index"
checksum = "81cdd64d312baedb58e21336b31bc043b77e01cc99033ce76ef539f78e965ebc"

[[package]]
name = "typenum"
version = "1.17.0"
source = "registry+https://github.com/rust-lang/crates.io-index"
checksum = "42ff0bf0c66b8238c6f3b578df37d0b7848e55df8577b3f74f92a69acceeb825"

[[package]]
name = "wasi"
version = "0.11.0+wasi-snapshot-preview1"
source = "registry+https://github.com/rust-lang/crates.io-index"
checksum = "9c8d87e72b64a3b4db28d11ce29237c246188f4f51057d65a7eab63b7987e423"
